
Microsoft Visual Studio Solution File, Format Version 12.00
# Visual Studio Version 17
VisualStudioVersion = 17.13.35828.75
MinimumVisualStudioVersion = 10.0.40219.1
Project("{FAE04EC0-301F-11D3-BF4B-00C04F79EFBC}") = "RepositoryDesignPattern", "RepositoryDesignPattern\RepositoryDesignPattern.csproj", "{038C2C26-6CDC-419E-945F-373710390FF2}"
EndProject
Project("{FAE04EC0-301F-11D3-BF4B-00C04F79EFBC}") = "MultiPageApplication", "MultiPageApplication\MultiPageApplication.csproj", "{6FF43A8C-BCEB-4C8E-BA20-D255E8E02570}"
EndProject
Global
	GlobalSection(SolutionConfigurationPlatforms) = preSolution
		Debug|Any CPU = Debug|Any CPU
		Release|Any CPU = Release|Any CPU
	EndGlobalSection
	GlobalSection(ProjectConfigurationPlatforms) = postSolution
		{038C2C26-6CDC-419E-945F-373710390FF2}.Debug|Any CPU.ActiveCfg = Debug|Any CPU
		{038C2C26-6CDC-419E-945F-373710390FF2}.Debug|Any CPU.Build.0 = Debug|Any CPU
		{038C2C26-6CDC-419E-945F-373710390FF2}.Release|Any CPU.ActiveCfg = Release|Any CPU
		{038C2C26-6CDC-419E-945F-373710390FF2}.Release|Any CPU.Build.0 = Release|Any CPU
		{6FF43A8C-BCEB-4C8E-BA20-D255E8E02570}.Debug|Any CPU.ActiveCfg = Debug|Any CPU
		{6FF43A8C-BCEB-4C8E-BA20-D255E8E02570}.Debug|Any CPU.Build.0 = Debug|Any CPU
		{6FF43A8C-BCEB-4C8E-BA20-D255E8E02570}.Release|Any CPU.ActiveCfg = Release|Any CPU
		{6FF43A8C-BCEB-4C8E-BA20-D255E8E02570}.Release|Any CPU.Build.0 = Release|Any CPU
	EndGlobalSection
	GlobalSection(SolutionProperties) = preSolution
		HideSolutionNode = FALSE
	EndGlobalSection
	GlobalSection(ExtensibilityGlobals) = postSolution
		SolutionGuid = {C96CEB0D-A00B-491B-BF23-D13652B454E5}
	EndGlobalSection
EndGlobal
